
Microsoft Visual Studio Solution File, Format Version 12.00
# Visual Studio Version 17
VisualStudioVersion = 17.10.34928.147
MinimumVisualStudioVersion = 10.0.40219.1
Project("{9A19103F-16F7-4668-BE54-9A1E7A4F7556}") = "BethanysPieShopHRM.App", "BethanysPieShopHRM.App\BethanysPieShopHRM.App.csproj", "{452EA2C3-FF15-49C9-A13D-37CFFB7991A6}"
EndProject
Project("{9A19103F-16F7-4668-BE54-9A1E7A4F7556}") = "BethanysPieShopHRM.Shared", "BethanysPieShopHRM.Shared\BethanysPieShopHRM.Shared.csproj", "{83816CCD-0D58-4E0E-966F-0857731922CD}"
EndProject
Project("{9A19103F-16F7-4668-BE54-9A1E7A4F7556}") = "BethanysPieShopHRM.Api", "BethanysPieShopHRM.Api\BethanysPieShopHRM.Api.csproj", "{1874284D-B2A7-4849-85D9-A632B3C2E588}"
EndProject
Project("{FAE04EC0-301F-11D3-BF4B-00C04F79EFBC}") = "BethanysPieShopHRM.ComponentsLibrary", "BethanysPieShopHRM.ComponentsLibrary\BethanysPieShopHRM.ComponentsLibrary.csproj", "{6E451E67-CE1B-421D-8846-10CE9259ABA0}"
EndProject
Global
	GlobalSection(SolutionConfigurationPlatforms) = preSolution
		Debug|Any CPU = Debug|Any CPU
		Release|Any CPU = Release|Any CPU
	EndGlobalSection
	GlobalSection(ProjectConfigurationPlatforms) = postSolution
		{452EA2C3-FF15-49C9-A13D-37CFFB7991A6}.Debug|Any CPU.ActiveCfg = Debug|Any CPU
		{452EA2C3-FF15-49C9-A13D-37CFFB7991A6}.Debug|Any CPU.Build.0 = Debug|Any CPU
		{452EA2C3-FF15-49C9-A13D-37CFFB7991A6}.Release|Any CPU.ActiveCfg = Release|Any CPU
		{452EA2C3-FF15-49C9-A13D-37CFFB7991A6}.Release|Any CPU.Build.0 = Release|Any CPU
		{83816CCD-0D58-4E0E-966F-0857731922CD}.Debug|Any CPU.ActiveCfg = Debug|Any CPU
		{83816CCD-0D58-4E0E-966F-0857731922CD}.Debug|Any CPU.Build.0 = Debug|Any CPU
		{83816CCD-0D58-4E0E-966F-0857731922CD}.Release|Any CPU.ActiveCfg = Release|Any CPU
		{83816CCD-0D58-4E0E-966F-0857731922CD}.Release|Any CPU.Build.0 = Release|Any CPU
		{1874284D-B2A7-4849-85D9-A632B3C2E588}.Debug|Any CPU.ActiveCfg = Debug|Any CPU
		{1874284D-B2A7-4849-85D9-A632B3C2E588}.Debug|Any CPU.Build.0 = Debug|Any CPU
		{1874284D-B2A7-4849-85D9-A632B3C2E588}.Release|Any CPU.ActiveCfg = Release|Any CPU
		{1874284D-B2A7-4849-85D9-A632B3C2E588}.Release|Any CPU.Build.0 = Release|Any CPU
		{6E451E67-CE1B-421D-8846-10CE9259ABA0}.Debug|Any CPU.ActiveCfg = Debug|Any CPU
		{6E451E67-CE1B-421D-8846-10CE9259ABA0}.Debug|Any CPU.Build.0 = Debug|Any CPU
		{6E451E67-CE1B-421D-8846-10CE9259ABA0}.Release|Any CPU.ActiveCfg = Release|Any CPU
		{6E451E67-CE1B-421D-8846-10CE9259ABA0}.Release|Any CPU.Build.0 = Release|Any CPU
	EndGlobalSection
	GlobalSection(SolutionProperties) = preSolution
		HideSolutionNode = FALSE
	EndGlobalSection
	GlobalSection(ExtensibilityGlobals) = postSolution
		SolutionGuid = {2C17B255-5374-4D94-984B-6A0C3692D73D}
	EndGlobalSection
EndGlobal
